// !$*UTF8*$!
{
	archiveVersion = 1;
	classes = {
	};
	objectVersion = 46;
	objects = {

/* Begin PBXBuildFile section */
		EB7308781E4D11DD00C98659 /* Book.m in Sources */ = {isa = PBXBuildFile; fileRef = EB7308771E4D11DD00C98659 /* Book.m */; };
		EBA85E9E1E4B39A9002CD821 /* main.m in Sources */ = {isa = PBXBuildFile; fileRef = EBA85E9D1E4B39A9002CD821 /* main.m */; };
/* End PBXBuildFile section */

/* Begin PBXCopyFilesBuildPhase section */
		EBA85E981E4B39A9002CD821 /* CopyFiles */ = {
			isa = PBXCopyFilesBuildPhase;
			buildActionMask = 2147483647;
			dstPath = /usr/share/man/man1/;
			dstSubfolderSpec = 0;
			files = (
			);
			runOnlyForDeploymentPostprocessing = 1;
		};
/* End PBXCopyFilesBuildPhase section */

/* Begin PBXFileReference section */
		EB7308761E4D11DD00C98659 /* Book.h */ = {isa = PBXFileReference; fileEncoding = 4; lastKnownFileType = sourcecode.c.h; path = Book.h; sourceTree = "<group>"; };
		EB7308771E4D11DD00C98659 /* Book.m */ = {isa = PBXFileReference; fileEncoding = 4; lastKnownFileType = sourcecode.c.objc; path = Book.m; sourceTree = "<group>"; };
		EBA85E9A1E4B39A9002CD821 /* ObjectiveCForSwiftDevelopersCourse */ = {isa = PBXFileReference; explicitFileType = "compiled.mach-o.executable"; includeInIndex = 0; path = ObjectiveCForSwiftDevelopersCourse; sourceTree = BUILT_PRODUCTS_DIR; };
		EBA85E9D1E4B39A9002CD821 /* main.m */ = {isa = PBXFileReference; lastKnownFileType = sourcecode.c.objc; path = main.m; sourceTree = "<group>"; };
/* End PBXFileReference section */

/* Begin PBXFrameworksBuildPhase section */
		EBA85E971E4B39A9002CD821 /* Frameworks */ = {
			isa = PBXFrameworksBuildPhase;
			buildActionMask = 2147483647;
			files = (
			);
			runOnlyForDeploymentPostprocessing = 0;
		};
/* End PBXFrameworksBuildPhase section */

/* Begin PBXGroup section */
		EBA85E911E4B39A9002CD821 = {
			isa = PBXGroup;
			children = (
				EBA85E9C1E4B39A9002CD821 /* ObjectiveCForSwiftDevelopersCourse */,
				EBA85E9B1E4B39A9002CD821 /* Products */,
			);
			sourceTree = "<group>";
		};
		EBA85E9B1E4B39A9002CD821 /* Products */ = {
			isa = PBXGroup;
			children = (
				EBA85E9A1E4B39A9002CD821 /* ObjectiveCForSwiftDevelopersCourse */,
			);
			name = Products;
			sourceTree = "<group>";
		};
		EBA85E9C1E4B39A9002CD821 /* ObjectiveCForSwiftDevelopersCourse */ = {
			isa = PBXGroup;
			children = (
				EBA85E9D1E4B39A9002CD821 /* main.m */,
				EB7308761E4D11DD00C98659 /* Book.h */,
				EB7308771E4D11DD00C98659 /* Book.m */,
			);
			path = ObjectiveCForSwiftDevelopersCourse;
			sourceTree = "<group>";
		};
/* End PBXGroup section */

/* Begin PBXNativeTarget section */
		EBA85E991E4B39A9002CD821 /* ObjectiveCForSwiftDevelopersCourse */ = {
			isa = PBXNativeTarget;
			buildConfigurationList = EBA85EA11E4B39A9002CD821 /* Build configuration list for PBXNativeTarget "ObjectiveCForSwiftDevelopersCourse" */;
			buildPhases = (
				EBA85E961E4B39A9002CD821 /* Sources */,
				EBA85E971E4B39A9002CD821 /* Frameworks */,
				EBA85E981E4B39A9002CD821 /* CopyFiles */,
			);
			buildRules = (
			);
			dependencies = (
			);
			name = ObjectiveCForSwiftDevelopersCourse;
			productName = ObjectiveCForSwiftDevelopersCourse;
			productReference = EBA85E9A1E4B39A9002CD821 /* ObjectiveCForSwiftDevelopersCourse */;
			productType = "com.apple.product-type.tool";
		};
/* End PBXNativeTarget section */

/* Begin PBXProject section */
		EBA85E921E4B39A9002CD821 /* Project object */ = {
			isa = PBXProject;
			attributes = {
				LastUpgradeCheck = 0730;
				ORGANIZATIONNAME = Rothen;
				TargetAttributes = {
					EBA85E991E4B39A9002CD821 = {
						CreatedOnToolsVersion = 7.3.1;
					};
				};
			};
			buildConfigurationList = EBA85E951E4B39A9002CD821 /* Build configuration list for PBXProject "ObjectiveCForSwiftDevelopersCourse" */;
			compatibilityVersion = "Xcode 3.2";
			developmentRegion = English;
			hasScannedForEncodings = 0;
			knownRegions = (
				en,
			);
			mainGroup = EBA85E911E4B39A9002CD821;
			productRefGroup = EBA85E9B1E4B39A9002CD821 /* Products */;
			projectDirPath = "";
			projectRoot = "";
			targets = (
				EBA85E991E4B39A9002CD821 /* ObjectiveCForSwiftDevelopersCourse */,
			);
		};
/* End PBXProject section */

/* Begin PBXSourcesBuildPhase section */
		EBA85E961E4B39A9002CD821 /* Sources */ = {
			isa = PBXSourcesBuildPhase;
			buildActionMask = 2147483647;
			files = (
				EB7308781E4D11DD00C98659 /* Book.m in Sources */,
				EBA85E9E1E4B39A9002CD821 /* main.m in Sources */,
			);
			runOnlyForDeploymentPostprocessing = 0;
		};
/* End PBXSourcesBuildPhase section */

/* Begin XCBuildConfiguration section */
		EBA85E9F1E4B39A9002CD821 /* Debug */ = {
			isa = XCBuildConfiguration;
			buildSettings = {
				ALWAYS_SEARCH_USER_PATHS = NO;
				CLANG_ANALYZER_NONNULL = YES;
				CLANG_CXX_LANGUAGE_STANDARD = "gnu++0x";
				CLANG_CXX_LIBRARY = "libc++";
				CLANG_ENABLE_MODULES = YES;
				CLANG_ENABLE_OBJC_ARC = YES;
				CLANG_WARN_BOOL_CONVERSION = YES;
				CLANG_WARN_CONSTANT_CONVERSION = YES;
				CLANG_WARN_DIRECT_OBJC_ISA_USAGE = YES_ERROR;
				CLANG_WARN_EMPTY_BODY = YES;
				CLANG_WARN_ENUM_CONVERSION = YES;
				CLANG_WARN_INT_CONVERSION = YES;
				CLANG_WARN_OBJC_ROOT_CLASS = YES_ERROR;
				CLANG_WARN_UNREACHABLE_CODE = YES;
				CLANG_WARN__DUPLICATE_METHOD_MATCH = YES;
				CODE_SIGN_IDENTITY = "-";
				COPY_PHASE_STRIP = NO;
				DEBUG_INFORMATION_FORMAT = dwarf;
				ENABLE_STRICT_OBJC_MSGSEND = YES;
				ENABLE_TESTABILITY = YES;
				GCC_C_LANGUAGE_STANDARD = gnu99;
				GCC_DYNAMIC_NO_PIC = NO;
				GCC_NO_COMMON_BLOCKS = YES;
				GCC_OPTIMIZATION_LEVEL = 0;
				GCC_PREPROCESSOR_DEFINITIONS = (
					"DEBUG=1",
					"$(inherited)",
				);
				GCC_WARN_64_TO_32_BIT_CONVERSION = YES;
				GCC_WARN_ABOUT_RETURN_TYPE = YES_ERROR;
				GCC_WARN_UNDECLARED_SELECTOR = YES;
				GCC_WARN_UNINITIALIZED_AUTOS = YES_AGGRESSIVE;
				GCC_WARN_UNUSED_FUNCTION = YES;
				GCC_WARN_UNUSED_VARIABLE = YES;
				MACOSX_DEPLOYMENT_TARGET = 10.12;
				MTL_ENABLE_DEBUG_INFO = YES;
				ONLY_ACTIVE_ARCH = YES;
				SDKROOT = macosx;
			};
			name = Debug;
		};
		EBA85EA01E4B39A9002CD821 /* Release */ = {
			isa = XCBuildConfiguration;
			buildSettings = {
				ALWAYS_SEARCH_USER_PATHS = NO;
				CLANG_ANALYZER_NONNULL = YES;
				CLANG_CXX_LANGUAGE_STANDARD = "gnu++0x";
				CLANG_CXX_LIBRARY = "libc++";
				CLANG_ENABLE_MODULES = YES;
				CLANG_ENABLE_OBJC_ARC = YES;
				CLANG_WARN_BOOL_CONVERSION = YES;
				CLANG_WARN_CONSTANT_CONVERSION = YES;
				CLANG_WARN_DIRECT_OBJC_ISA_USAGE = YES_ERROR;
				CLANG_WARN_EMPTY_BODY = YES;
				CLANG_WARN_ENUM_CONVERSION = YES;
				CLANG_WARN_INT_CONVERSION = YES;
				CLANG_WARN_OBJC_ROOT_CLASS = YES_ERROR;
				CLANG_WARN_UNREACHABLE_CODE = YES;
				CLANG_WARN__DUPLICATE_METHOD_MATCH = YES;
				CODE_SIGN_IDENTITY = "-";
				COPY_PHASE_STRIP = NO;
				DEBUG_INFORMATION_FORMAT = "dwarf-with-dsym";
				ENABLE_NS_ASSERTIONS = NO;
				ENABLE_STRICT_OBJC_MSGSEND = YES;
				GCC_C_LANGUAGE_STANDARD = gnu99;
				GCC_NO_COMMON_BLOCKS = YES;
				GCC_WARN_64_TO_32_BIT_CONVERSION = YES;
				GCC_WARN_ABOUT_RETURN_TYPE = YES_ERROR;
				GCC_WARN_UNDECLARED_SELECTOR = YES;
				GCC_WARN_UNINITIALIZED_AUTOS = YES_AGGRESSIVE;
				GCC_WARN_UNUSED_FUNCTION = YES;
				GCC_WARN_UNUSED_VARIABLE = YES;
				MACOSX_DEPLOYMENT_TARGET = 10.12;
				MTL_ENABLE_DEBUG_INFO = NO;
				SDKROOT = macosx;
			};
			name = Release;
		};
		EBA85EA21E4B39A9002CD821 /* Debug */ = {
			isa = XCBuildConfiguration;
			buildSettings = {
				PRODUCT_NAME = "$(TARGET_NAME)";
			};
			name = Debug;
		};
		EBA85EA31E4B39A9002CD821 /* Release */ = {
			isa = XCBuildConfiguration;
			buildSettings = {
				PRODUCT_NAME = "$(TARGET_NAME)";
			};
			name = Release;
		};
/* End XCBuildConfiguration section */

/* Begin XCConfigurationList section */
		EBA85E951E4B39A9002CD821 /* Build configuration list for PBXProject "ObjectiveCForSwiftDevelopersCourse" */ = {
			isa = XCConfigurationList;
			buildConfigurations = (
				EBA85E9F1E4B39A9002CD821 /* Debug */,
				EBA85EA01E4B39A9002CD821 /* Release */,
			);
			defaultConfigurationIsVisible = 0;
			defaultConfigurationName = Release;
		};
		EBA85EA11E4B39A9002CD821 /* Build configuration list for PBXNativeTarget "ObjectiveCForSwiftDevelopersCourse" */ = {
			isa = XCConfigurationList;
			buildConfigurations = (
				EBA85EA21E4B39A9002CD821 /* Debug */,
				EBA85EA31E4B39A9002CD821 /* Release */,
			);
			defaultConfigurationIsVisible = 0;
			defaultConfigurationName = Release;
		};
/* End XCConfigurationList section */
	};
	rootObject = EBA85E921E4B39A9002CD821 /* Project object */;
}
